{
  "requires": true,
  "lockfileVersion": 1,
  "dependencies": {
    "angular": {
      "version": "1.6.6",
      "resolved": "https://registry.npmjs.org/angular/-/angular-1.6.6.tgz",
      "integrity": "sha1-/Vo8+0N844LYVO4BEgeXl4Uny2Q="
    },
    "angular-mojier": {
      "version": "1.1.0",
      "resolved": "https://registry.npmjs.org/angular-mojier/-/angular-mojier-1.1.0.tgz",
      "integrity": "sha1-+dGVSWmV4zntk2/BYXA3JCj8XZI=",
      "requires": {
        "mojier": "1.0.8"
      }
    },
    "mojier": {
      "version": "1.0.8",
      "resolved": "https://registry.npmjs.org/mojier/-/mojier-1.0.8.tgz",
      "integrity": "sha1-ZO2qOdH828FxCCpb0vp2PjBPU2Q="
    },
    "ng-img-crop-full-extended": {
      "version": "0.6.2",
      "resolved": "https://registry.npmjs.org/ng-img-crop-full-extended/-/ng-img-crop-full-extended-0.6.2.tgz",
      "integrity": "sha1-8LLs0W6+2x/mQ0pEhFupT9NmajM=",
      "requires": {
        "angular": "1.6.6"
      }
    }
  }
}
